
Microsoft Visual Studio Solution File, Format Version 12.00
# Visual Studio 15
VisualStudioVersion = 15.0.26124.0
MinimumVisualStudioVersion = 15.0.26124.0
Project("{FAE04EC0-301F-11D3-BF4B-00C04F79EFBC}") = "API", "API\API.csproj", "{EA067CDA-3E14-4768-B472-8E16D9DB5AFE}"
EndProject
Project("{FAE04EC0-301F-11D3-BF4B-00C04F79EFBC}") = "Application", "Application\Application.csproj", "{5350F96F-FA41-44BD-A46E-832D2B3D24E0}"
EndProject
Project("{FAE04EC0-301F-11D3-BF4B-00C04F79EFBC}") = "Persistence", "Persistence\Persistence.csproj", "{9A3FE46E-0C56-4EB8-97D5-4A42DF9D7638}"
EndProject
Project("{FAE04EC0-301F-11D3-BF4B-00C04F79EFBC}") = "Domain", "Domain\Domain.csproj", "{034A841A-3C2C-4F23-BAEF-CF6F0C23630F}"
EndProject
Global
	GlobalSection(SolutionConfigurationPlatforms) = preSolution
		Debug|Any CPU = Debug|Any CPU
		Debug|x64 = Debug|x64
		Debug|x86 = Debug|x86
		Release|Any CPU = Release|Any CPU
		Release|x64 = Release|x64
		Release|x86 = Release|x86
	EndGlobalSection
	GlobalSection(SolutionProperties) = preSolution
		HideSolutionNode = FALSE
	EndGlobalSection
	GlobalSection(ProjectConfigurationPlatforms) = postSolution
		{EA067CDA-3E14-4768-B472-8E16D9DB5AFE}.Debug|Any CPU.ActiveCfg = Debug|Any CPU
		{EA067CDA-3E14-4768-B472-8E16D9DB5AFE}.Debug|Any CPU.Build.0 = Debug|Any CPU
		{EA067CDA-3E14-4768-B472-8E16D9DB5AFE}.Debug|x64.ActiveCfg = Debug|Any CPU
		{EA067CDA-3E14-4768-B472-8E16D9DB5AFE}.Debug|x64.Build.0 = Debug|Any CPU
		{EA067CDA-3E14-4768-B472-8E16D9DB5AFE}.Debug|x86.ActiveCfg = Debug|Any CPU
		{EA067CDA-3E14-4768-B472-8E16D9DB5AFE}.Debug|x86.Build.0 = Debug|Any CPU
		{EA067CDA-3E14-4768-B472-8E16D9DB5AFE}.Release|Any CPU.ActiveCfg = Release|Any CPU
		{EA067CDA-3E14-4768-B472-8E16D9DB5AFE}.Release|Any CPU.Build.0 = Release|Any CPU
		{EA067CDA-3E14-4768-B472-8E16D9DB5AFE}.Release|x64.ActiveCfg = Release|Any CPU
		{EA067CDA-3E14-4768-B472-8E16D9DB5AFE}.Release|x64.Build.0 = Release|Any CPU
		{EA067CDA-3E14-4768-B472-8E16D9DB5AFE}.Release|x86.ActiveCfg = Release|Any CPU
		{EA067CDA-3E14-4768-B472-8E16D9DB5AFE}.Release|x86.Build.0 = Release|Any CPU
		{5350F96F-FA41-44BD-A46E-832D2B3D24E0}.Debug|Any CPU.ActiveCfg = Debug|Any CPU
		{5350F96F-FA41-44BD-A46E-832D2B3D24E0}.Debug|Any CPU.Build.0 = Debug|Any CPU
		{5350F96F-FA41-44BD-A46E-832D2B3D24E0}.Debug|x64.ActiveCfg = Debug|Any CPU
		{5350F96F-FA41-44BD-A46E-832D2B3D24E0}.Debug|x64.Build.0 = Debug|Any CPU
		{5350F96F-FA41-44BD-A46E-832D2B3D24E0}.Debug|x86.ActiveCfg = Debug|Any CPU
		{5350F96F-FA41-44BD-A46E-832D2B3D24E0}.Debug|x86.Build.0 = Debug|Any CPU
		{5350F96F-FA41-44BD-A46E-832D2B3D24E0}.Release|Any CPU.ActiveCfg = Release|Any CPU
		{5350F96F-FA41-44BD-A46E-832D2B3D24E0}.Release|Any CPU.Build.0 = Release|Any CPU
		{5350F96F-FA41-44BD-A46E-832D2B3D24E0}.Release|x64.ActiveCfg = Release|Any CPU
		{5350F96F-FA41-44BD-A46E-832D2B3D24E0}.Release|x64.Build.0 = Release|Any CPU
		{5350F96F-FA41-44BD-A46E-832D2B3D24E0}.Release|x86.ActiveCfg = Release|Any CPU
		{5350F96F-FA41-44BD-A46E-832D2B3D24E0}.Release|x86.Build.0 = Release|Any CPU
		{9A3FE46E-0C56-4EB8-97D5-4A42DF9D7638}.Debug|Any CPU.ActiveCfg = Debug|Any CPU
		{9A3FE46E-0C56-4EB8-97D5-4A42DF9D7638}.Debug|Any CPU.Build.0 = Debug|Any CPU
		{9A3FE46E-0C56-4EB8-97D5-4A42DF9D7638}.Debug|x64.ActiveCfg = Debug|Any CPU
		{9A3FE46E-0C56-4EB8-97D5-4A42DF9D7638}.Debug|x64.Build.0 = Debug|Any CPU
		{9A3FE46E-0C56-4EB8-97D5-4A42DF9D7638}.Debug|x86.ActiveCfg = Debug|Any CPU
		{9A3FE46E-0C56-4EB8-97D5-4A42DF9D7638}.Debug|x86.Build.0 = Debug|Any CPU
		{9A3FE46E-0C56-4EB8-97D5-4A42DF9D7638}.Release|Any CPU.ActiveCfg = Release|Any CPU
		{9A3FE46E-0C56-4EB8-97D5-4A42DF9D7638}.Release|Any CPU.Build.0 = Release|Any CPU
		{9A3FE46E-0C56-4EB8-97D5-4A42DF9D7638}.Release|x64.ActiveCfg = Release|Any CPU
		{9A3FE46E-0C56-4EB8-97D5-4A42DF9D7638}.Release|x64.Build.0 = Release|Any CPU
		{9A3FE46E-0C56-4EB8-97D5-4A42DF9D7638}.Release|x86.ActiveCfg = Release|Any CPU
		{9A3FE46E-0C56-4EB8-97D5-4A42DF9D7638}.Release|x86.Build.0 = Release|Any CPU
		{034A841A-3C2C-4F23-BAEF-CF6F0C23630F}.Debug|Any CPU.ActiveCfg = Debug|Any CPU
		{034A841A-3C2C-4F23-BAEF-CF6F0C23630F}.Debug|Any CPU.Build.0 = Debug|Any CPU
		{034A841A-3C2C-4F23-BAEF-CF6F0C23630F}.Debug|x64.ActiveCfg = Debug|Any CPU
		{034A841A-3C2C-4F23-BAEF-CF6F0C23630F}.Debug|x64.Build.0 = Debug|Any CPU
		{034A841A-3C2C-4F23-BAEF-CF6F0C23630F}.Debug|x86.ActiveCfg = Debug|Any CPU
		{034A841A-3C2C-4F23-BAEF-CF6F0C23630F}.Debug|x86.Build.0 = Debug|Any CPU
		{034A841A-3C2C-4F23-BAEF-CF6F0C23630F}.Release|Any CPU.ActiveCfg = Release|Any CPU
		{034A841A-3C2C-4F23-BAEF-CF6F0C23630F}.Release|Any CPU.Build.0 = Release|Any CPU
		{034A841A-3C2C-4F23-BAEF-CF6F0C23630F}.Release|x64.ActiveCfg = Release|Any CPU
		{034A841A-3C2C-4F23-BAEF-CF6F0C23630F}.Release|x64.Build.0 = Release|Any CPU
		{034A841A-3C2C-4F23-BAEF-CF6F0C23630F}.Release|x86.ActiveCfg = Release|Any CPU
		{034A841A-3C2C-4F23-BAEF-CF6F0C23630F}.Release|x86.Build.0 = Release|Any CPU
	EndGlobalSection
EndGlobal
